// !$*UTF8*$!
{
	archiveVersion = 1;
	classes = {
	};
	objectVersion = 54;
	objects = {

/* Begin PBXBuildFile section */
		00E356F31AD99517003FC87E /* TestMobilePickerTests.m in Sources */ = {isa = PBXBuildFile; fileRef = 00E356F21AD99517003FC87E /* TestMobilePickerTests.m */; };
		13B07FBC1A68108700A75B9A /* AppDelegate.m in Sources */ = {isa = PBXBuildFile; fileRef = 13B07FB01A68108700A75B9A /* AppDelegate.m */; };
		13B07FBF1A68108700A75B9A /* Images.xcassets in Resources */ = {isa = PBXBuildFile; fileRef = 13B07FB51A68108700A75B9A /* Images.xcassets */; };
		13B07FC11A68108700A75B9A /* main.m in Sources */ = {isa = PBXBuildFile; fileRef = 13B07FB71A68108700A75B9A /* main.m */; };
		37FFA0B8DE3EABE67E70DAF4 /* libPods-TestMobilePicker-TestMobilePickerTests.a in Frameworks */ = {isa = PBXBuildFile; fileRef = DDFF35114EB0A1B7FFB8644B /* libPods-TestMobilePicker-TestMobilePickerTests.a */; };
		75B95E1626F9C42E0044A226 /* CoreMedia.framework in Frameworks */ = {isa = PBXBuildFile; fileRef = 75B95E1526F9C42E0044A226 /* CoreMedia.framework */; };
		75B95E1826F9C4350044A226 /* CoreVideo.framework in Frameworks */ = {isa = PBXBuildFile; fileRef = 75B95E1726F9C4350044A226 /* CoreVideo.framework */; };
		75B95E1A26F9C43F0044A226 /* OpenGLES.framework in Frameworks */ = {isa = PBXBuildFile; fileRef = 75B95E1926F9C43F0044A226 /* OpenGLES.framework */; };
		75B95E1C26F9C4460044A226 /* AVFoundation.framework in Frameworks */ = {isa = PBXBuildFile; fileRef = 75B95E1B26F9C4460044A226 /* AVFoundation.framework */; };
		75B95E1E26F9C44E0044A226 /* QuartzCore.framework in Frameworks */ = {isa = PBXBuildFile; fileRef = 75B95E1D26F9C44E0044A226 /* QuartzCore.framework */; };
		75B95E2026F9C4550044A226 /* MobileCoreServices.framework in Frameworks */ = {isa = PBXBuildFile; fileRef = 75B95E1F26F9C4550044A226 /* MobileCoreServices.framework */; };
		75B95E2A26F9C74C0044A226 /* GPUImage.framework in Frameworks */ = {isa = PBXBuildFile; fileRef = 75B95E1426F9C3F80044A226 /* GPUImage.framework */; };
		75B95E2B26F9C74C0044A226 /* GPUImage.framework in Embed Frameworks */ = {isa = PBXBuildFile; fileRef = 75B95E1426F9C3F80044A226 /* GPUImage.framework */; settings = {ATTRIBUTES = (CodeSignOnCopy, RemoveHeadersOnCopy, ); }; };
		75B95E4E26F9D7C10044A226 /* RNVideoProcessingManager.swift in Sources */ = {isa = PBXBuildFile; fileRef = 75B95E3226F9D7C10044A226 /* RNVideoProcessingManager.swift */; };
		75B95E4F26F9D7C10044A226 /* RNTrimmerView.swift in Sources */ = {isa = PBXBuildFile; fileRef = 75B95E3426F9D7C10044A226 /* RNTrimmerView.swift */; };
		75B95E5026F9D7C10044A226 /* RNTrimmerViewManager.swift in Sources */ = {isa = PBXBuildFile; fileRef = 75B95E3526F9D7C10044A226 /* RNTrimmerViewManager.swift */; };
		75B95E5126F9D7C10044A226 /* RNTrimmerViewBridge.m in Sources */ = {isa = PBXBuildFile; fileRef = 75B95E3626F9D7C10044A226 /* RNTrimmerViewBridge.m */; };
		75B95E5226F9D7C10044A226 /* ICGRulerView.m in Sources */ = {isa = PBXBuildFile; fileRef = 75B95E3B26F9D7C10044A226 /* ICGRulerView.m */; };
		75B95E5326F9D7C10044A226 /* ICGVideoTrimmerView.m in Sources */ = {isa = PBXBuildFile; fileRef = 75B95E3C26F9D7C10044A226 /* ICGVideoTrimmerView.m */; };
		75B95E5426F9D7C10044A226 /* ICGThumbView.m in Sources */ = {isa = PBXBuildFile; fileRef = 75B95E3E26F9D7C10044A226 /* ICGThumbView.m */; };
		75B95E5526F9D7C10044A226 /* RNVideoProcessingBridge.m in Sources */ = {isa = PBXBuildFile; fileRef = 75B95E4126F9D7C10044A226 /* RNVideoProcessingBridge.m */; };
		75B95E5626F9D7C10044A226 /* SDAVAssetExportSession.m in Sources */ = {isa = PBXBuildFile; fileRef = 75B95E4426F9D7C10044A226 /* SDAVAssetExportSession.m */; };
		75B95E5726F9D7C10044A226 /* RNVideoTrimmerBridge.m in Sources */ = {isa = PBXBuildFile; fileRef = 75B95E4526F9D7C10044A226 /* RNVideoTrimmerBridge.m */; };
		75B95E5826F9D7C10044A226 /* AVUtilities.swift in Sources */ = {isa = PBXBuildFile; fileRef = 75B95E4626F9D7C10044A226 /* AVUtilities.swift */; };
		75B95E5926F9D7C10044A226 /* RNVideoTrimmer.swift in Sources */ = {isa = PBXBuildFile; fileRef = 75B95E4726F9D7C10044A226 /* RNVideoTrimmer.swift */; };
		75B95E5A26F9D7C10044A226 /* RNVideoPlayer.swift in Sources */ = {isa = PBXBuildFile; fileRef = 75B95E4A26F9D7C10044A226 /* RNVideoPlayer.swift */; };
		75B95E5B26F9D7C10044A226 /* VideoProcessingGPUFilters.swift in Sources */ = {isa = PBXBuildFile; fileRef = 75B95E4D26F9D7C10044A226 /* VideoProcessingGPUFilters.swift */; };
		81AB9BB82411601600AC10FF /* LaunchScreen.storyboard in Resources */ = {isa = PBXBuildFile; fileRef = 81AB9BB72411601600AC10FF /* LaunchScreen.storyboard */; };
		BF0F805CCE1DED8504A4331C /* libPods-TestMobilePicker.a in Frameworks */ = {isa = PBXBuildFile; fileRef = 9760D14C7D76B32219DB51D6 /* libPods-TestMobilePicker.a */; };
/* End PBXBuildFile section */

/* Begin PBXContainerItemProxy section */
		00E356F41AD99517003FC87E /* PBXContainerItemProxy */ = {
			isa = PBXContainerItemProxy;
			containerPortal = 83CBB9F71A601CBA00E9B192 /* Project object */;
			proxyType = 1;
			remoteGlobalIDString = 13B07F861A680F5B00A75B9A;
			remoteInfo = TestMobilePicker;
		};
		75B95E1126F9C3F80044A226 /* PBXContainerItemProxy */ = {
			isa = PBXContainerItemProxy;
			containerPortal = 75B95E0B26F9C3F80044A226 /* GPUImage.xcodeproj */;
			proxyType = 2;
			remoteGlobalIDString = BCF1A33414DDB1EC00852800;
			remoteInfo = GPUImage;
		};
		75B95E1326F9C3F80044A226 /* PBXContainerItemProxy */ = {
			isa = PBXContainerItemProxy;
			containerPortal = 75B95E0B26F9C3F80044A226 /* GPUImage.xcodeproj */;
			proxyType = 2;
			remoteGlobalIDString = BCE209E51943F20C002FEED8;
			remoteInfo = GPUImageFramework;
		};
/* End PBXContainerItemProxy section */

/* Begin PBXCopyFilesBuildPhase section */
		72953343271B4659008614A3 /* Embed App Extensions */ = {
			isa = PBXCopyFilesBuildPhase;
			buildActionMask = 2147483647;
			dstPath = "";
			dstSubfolderSpec = 13;
			files = (
			);
			name = "Embed App Extensions";
			runOnlyForDeploymentPostprocessing = 0;
		};
		75B95E2C26F9C74C0044A226 /* Embed Frameworks */ = {
			isa = PBXCopyFilesBuildPhase;
			buildActionMask = 2147483647;
			dstPath = "";
			dstSubfolderSpec = 10;
			files = (
				75B95E2B26F9C74C0044A226 /* GPUImage.framework in Embed Frameworks */,
			);
			name = "Embed Frameworks";
			runOnlyForDeploymentPostprocessing = 0;
		};
/* End PBXCopyFilesBuildPhase section */

/* Begin PBXFileReference section */
		00E356EE1AD99517003FC87E /* TestMobilePickerTests.xctest */ = {isa = PBXFileReference; explicitFileType = wrapper.cfbundle; includeInIndex = 0; path = TestMobilePickerTests.xctest; sourceTree = BUILT_PRODUCTS_DIR; };
		00E356F11AD99517003FC87E /* Info.plist */ = {isa = PBXFileReference; lastKnownFileType = text.plist.xml; path = Info.plist; sourceTree = "<group>"; };
		00E356F21AD99517003FC87E /* TestMobilePickerTests.m */ = {isa = PBXFileReference; lastKnownFileType = sourcecode.c.objc; path = TestMobilePickerTests.m; sourceTree = "<group>"; };
		13B07F961A680F5B00A75B9A /* TestMobilePicker.app */ = {isa = PBXFileReference; explicitFileType = wrapper.application; includeInIndex = 0; path = TestMobilePicker.app; sourceTree = BUILT_PRODUCTS_DIR; };
		13B07FAF1A68108700A75B9A /* AppDelegate.h */ = {isa = PBXFileReference; fileEncoding = 4; lastKnownFileType = sourcecode.c.h; name = AppDelegate.h; path = TestMobilePicker/AppDelegate.h; sourceTree = "<group>"; };
		13B07FB01A68108700A75B9A /* AppDelegate.m */ = {isa = PBXFileReference; fileEncoding = 4; lastKnownFileType = sourcecode.c.objc; name = AppDelegate.m; path = TestMobilePicker/AppDelegate.m; sourceTree = "<group>"; };
		13B07FB51A68108700A75B9A /* Images.xcassets */ = {isa = PBXFileReference; lastKnownFileType = folder.assetcatalog; name = Images.xcassets; path = TestMobilePicker/Images.xcassets; sourceTree = "<group>"; };
		13B07FB61A68108700A75B9A /* Info.plist */ = {isa = PBXFileReference; fileEncoding = 4; lastKnownFileType = text.plist.xml; name = Info.plist; path = TestMobilePicker/Info.plist; sourceTree = "<group>"; };
		13B07FB71A68108700A75B9A /* main.m */ = {isa = PBXFileReference; fileEncoding = 4; lastKnownFileType = sourcecode.c.objc; name = main.m; path = TestMobilePicker/main.m; sourceTree = "<group>"; };
		17934FC7E71918EF1D29DF6A /* Pods-TestMobilePicker-TestMobilePickerTests.release.xcconfig */ = {isa = PBXFileReference; includeInIndex = 1; lastKnownFileType = text.xcconfig; name = "Pods-TestMobilePicker-TestMobilePickerTests.release.xcconfig"; path = "Target Support Files/Pods-TestMobilePicker-TestMobilePickerTests/Pods-TestMobilePicker-TestMobilePickerTests.release.xcconfig"; sourceTree = "<group>"; };
		17B2307D8B1E544B9F86CD30 /* Pods-ShareExtension.debug.xcconfig */ = {isa = PBXFileReference; includeInIndex = 1; lastKnownFileType = text.xcconfig; name = "Pods-ShareExtension.debug.xcconfig"; path = "Target Support Files/Pods-ShareExtension/Pods-ShareExtension.debug.xcconfig"; sourceTree = "<group>"; };
		2E4838C7006B7088347E8B5D /* Pods-ShareExtension.release.xcconfig */ = {isa = PBXFileReference; includeInIndex = 1; lastKnownFileType = text.xcconfig; name = "Pods-ShareExtension.release.xcconfig"; path = "Target Support Files/Pods-ShareExtension/Pods-ShareExtension.release.xcconfig"; sourceTree = "<group>"; };
		5659FEDE8D620F540BFE5854 /* Pods-TestMobilePicker.release.xcconfig */ = {isa = PBXFileReference; includeInIndex = 1; lastKnownFileType = text.xcconfig; name = "Pods-TestMobilePicker.release.xcconfig"; path = "Target Support Files/Pods-TestMobilePicker/Pods-TestMobilePicker.release.xcconfig"; sourceTree = "<group>"; };
		7295333D271B4659008614A3 /* Base */ = {isa = PBXFileReference; lastKnownFileType = file.storyboard; name = Base; path = Base.lproj/MainInterface.storyboard; sourceTree = "<group>"; };
		7295333F271B4659008614A3 /* Info.plist */ = {isa = PBXFileReference; lastKnownFileType = text.plist.xml; path = Info.plist; sourceTree = "<group>"; };
		7295334E271B46F9008614A3 /* ShareExtension-Bridging-Header.h */ = {isa = PBXFileReference; lastKnownFileType = sourcecode.c.h; path = "ShareExtension-Bridging-Header.h"; sourceTree = "<group>"; };
		72953355271B477C008614A3 /* ShareViewController.swift */ = {isa = PBXFileReference; fileEncoding = 4; lastKnownFileType = sourcecode.swift; name = ShareViewController.swift; path = "../../node_modules/react-native-share-menu/ios/ShareViewController.swift"; sourceTree = "<group>"; };
		72953359271B47B1008614A3 /* ShareExtension.entitlements */ = {isa = PBXFileReference; lastKnownFileType = text.plist.entitlements; path = ShareExtension.entitlements; sourceTree = "<group>"; };
		7295335A271B47C7008614A3 /* TestMobilePicker.entitlements */ = {isa = PBXFileReference; lastKnownFileType = text.plist.entitlements; name = TestMobilePicker.entitlements; path = TestMobilePicker/TestMobilePicker.entitlements; sourceTree = "<group>"; };
		75B95E0B26F9C3F80044A226 /* GPUImage.xcodeproj */ = {isa = PBXFileReference; lastKnownFileType = "wrapper.pb-project"; name = GPUImage.xcodeproj; path = "../node_modules/react-native-video-processing/ios/GPUImage/framework/GPUImage.xcodeproj"; sourceTree = "<group>"; };
		75B95E1526F9C42E0044A226 /* CoreMedia.framework */ = {isa = PBXFileReference; lastKnownFileType = wrapper.framework; name = CoreMedia.framework; path = System/Library/Frameworks/CoreMedia.framework; sourceTree = SDKROOT; };
		75B95E1726F9C4350044A226 /* CoreVideo.framework */ = {isa = PBXFileReference; lastKnownFileType = wrapper.framework; name = CoreVideo.framework; path = System/Library/Frameworks/CoreVideo.framework; sourceTree = SDKROOT; };
		75B95E1926F9C43F0044A226 /* OpenGLES.framework */ = {isa = PBXFileReference; lastKnownFileType = wrapper.framework; name = OpenGLES.framework; path = System/Library/Frameworks/OpenGLES.framework; sourceTree = SDKROOT; };
		75B95E1B26F9C4460044A226 /* AVFoundation.framework */ = {isa = PBXFileReference; lastKnownFileType = wrapper.framework; name = AVFoundation.framework; path = System/Library/Frameworks/AVFoundation.framework; sourceTree = SDKROOT; };
		75B95E1D26F9C44E0044A226 /* QuartzCore.framework */ = {isa = PBXFileReference; lastKnownFileType = wrapper.framework; name = QuartzCore.framework; path = System/Library/Frameworks/QuartzCore.framework; sourceTree = SDKROOT; };
		75B95E1F26F9C4550044A226 /* MobileCoreServices.framework */ = {isa = PBXFileReference; lastKnownFileType = wrapper.framework; name = MobileCoreServices.framework; path = System/Library/Frameworks/MobileCoreServices.framework; sourceTree = SDKROOT; };
		75B95E3226F9D7C10044A226 /* RNVideoProcessingManager.swift */ = {isa = PBXFileReference; fileEncoding = 4; lastKnownFileType = sourcecode.swift; path = RNVideoProcessingManager.swift; sourceTree = "<group>"; };
		75B95E3426F9D7C10044A226 /* RNTrimmerView.swift */ = {isa = PBXFileReference; fileEncoding = 4; lastKnownFileType = sourcecode.swift; path = RNTrimmerView.swift; sourceTree = "<group>"; };
		75B95E3526F9D7C10044A226 /* RNTrimmerViewManager.swift */ = {isa = PBXFileReference; fileEncoding = 4; lastKnownFileType = sourcecode.swift; path = RNTrimmerViewManager.swift; sourceTree = "<group>"; };
		75B95E3626F9D7C10044A226 /* RNTrimmerViewBridge.m */ = {isa = PBXFileReference; fileEncoding = 4; lastKnownFileType = sourcecode.c.objc; path = RNTrimmerViewBridge.m; sourceTree = "<group>"; };
		75B95E3726F9D7C10044A226 /* RNTrimmerView-Bridging-Header.h */ = {isa = PBXFileReference; fileEncoding = 4; lastKnownFileType = sourcecode.c.h; path = "RNTrimmerView-Bridging-Header.h"; sourceTree = "<group>"; };
		75B95E3826F9D7C10044A226 /* RNTrimmerView.h */ = {isa = PBXFileReference; fileEncoding = 4; lastKnownFileType = sourcecode.c.h; path = RNTrimmerView.h; sourceTree = "<group>"; };
		75B95E3A26F9D7C10044A226 /* ICGThumbView.h */ = {isa = PBXFileReference; fileEncoding = 4; lastKnownFileType = sourcecode.c.h; path = ICGThumbView.h; sourceTree = "<group>"; };
		75B95E3B26F9D7C10044A226 /* ICGRulerView.m */ = {isa = PBXFileReference; fileEncoding = 4; lastKnownFileType = sourcecode.c.objc; path = ICGRulerView.m; sourceTree = "<group>"; };
		75B95E3C26F9D7C10044A226 /* ICGVideoTrimmerView.m */ = {isa = PBXFileReference; fileEncoding = 4; lastKnownFileType = sourcecode.c.objc; path = ICGVideoTrimmerView.m; sourceTree = "<group>"; };
		75B95E3D26F9D7C10044A226 /* ICGVideoTrimmer.h */ = {isa = PBXFileReference; fileEncoding = 4; lastKnownFileType = sourcecode.c.h; path = ICGVideoTrimmer.h; sourceTree = "<group>"; };
		75B95E3E26F9D7C10044A226 /* ICGThumbView.m */ = {isa = PBXFileReference; fileEncoding = 4; lastKnownFileType = sourcecode.c.objc; path = ICGThumbView.m; sourceTree = "<group>"; };
		75B95E3F26F9D7C10044A226 /* ICGRulerView.h */ = {isa = PBXFileReference; fileEncoding = 4; lastKnownFileType = sourcecode.c.h; path = ICGRulerView.h; sourceTree = "<group>"; };
		75B95E4026F9D7C10044A226 /* ICGVideoTrimmerView.h */ = {isa = PBXFileReference; fileEncoding = 4; lastKnownFileType = sourcecode.c.h; path = ICGVideoTrimmerView.h; sourceTree = "<group>"; };
		75B95E4126F9D7C10044A226 /* RNVideoProcessingBridge.m */ = {isa = PBXFileReference; fileEncoding = 4; lastKnownFileType = sourcecode.c.objc; path = RNVideoProcessingBridge.m; sourceTree = "<group>"; };
		75B95E4326F9D7C10044A226 /* RNVideoTrimmer-Bridging-Header.h */ = {isa = PBXFileReference; fileEncoding = 4; lastKnownFileType = sourcecode.c.h; path = "RNVideoTrimmer-Bridging-Header.h"; sourceTree = "<group>"; };
		75B95E4426F9D7C10044A226 /* SDAVAssetExportSession.m */ = {isa = PBXFileReference; fileEncoding = 4; lastKnownFileType = sourcecode.c.objc; path = SDAVAssetExportSession.m; sourceTree = "<group>"; };
		75B95E4526F9D7C10044A226 /* RNVideoTrimmerBridge.m */ = {isa = PBXFileReference; fileEncoding = 4; lastKnownFileType = sourcecode.c.objc; path = RNVideoTrimmerBridge.m; sourceTree = "<group>"; };
		75B95E4626F9D7C10044A226 /* AVUtilities.swift */ = {isa = PBXFileReference; fileEncoding = 4; lastKnownFileType = sourcecode.swift; path = AVUtilities.swift; sourceTree = "<group>"; };
		75B95E4726F9D7C10044A226 /* RNVideoTrimmer.swift */ = {isa = PBXFileReference; fileEncoding = 4; lastKnownFileType = sourcecode.swift; path = RNVideoTrimmer.swift; sourceTree = "<group>"; };
		75B95E4826F9D7C10044A226 /* SDAVAssetExportSession.h */ = {isa = PBXFileReference; fileEncoding = 4; lastKnownFileType = sourcecode.c.h; path = SDAVAssetExportSession.h; sourceTree = "<group>"; };
		75B95E4926F9D7C10044A226 /* RNVideoProcessing.h */ = {isa = PBXFileReference; fileEncoding = 4; lastKnownFileType = sourcecode.c.h; path = RNVideoProcessing.h; sourceTree = "<group>"; };
		75B95E4A26F9D7C10044A226 /* RNVideoPlayer.swift */ = {isa = PBXFileReference; fileEncoding = 4; lastKnownFileType = sourcecode.swift; path = RNVideoPlayer.swift; sourceTree = "<group>"; };
		75B95E4B26F9D7C10044A226 /* RCTSwiftBridgeModule.h */ = {isa = PBXFileReference; fileEncoding = 4; lastKnownFileType = sourcecode.c.h; path = RCTSwiftBridgeModule.h; sourceTree = "<group>"; };
		75B95E4C26F9D7C10044A226 /* RNVideoProcessing-Bridging-Header.h */ = {isa = PBXFileReference; fileEncoding = 4; lastKnownFileType = sourcecode.c.h; path = "RNVideoProcessing-Bridging-Header.h"; sourceTree = "<group>"; };
		75B95E4D26F9D7C10044A226 /* VideoProcessingGPUFilters.swift */ = {isa = PBXFileReference; fileEncoding = 4; lastKnownFileType = sourcecode.swift; path = VideoProcessingGPUFilters.swift; sourceTree = "<group>"; };
		81AB9BB72411601600AC10FF /* LaunchScreen.storyboard */ = {isa = PBXFileReference; fileEncoding = 4; lastKnownFileType = file.storyboard; name = LaunchScreen.storyboard; path = TestMobilePicker/LaunchScreen.storyboard; sourceTree = "<group>"; };
		9760D14C7D76B32219DB51D6 /* libPods-TestMobilePicker.a */ = {isa = PBXFileReference; explicitFileType = archive.ar; includeInIndex = 0; path = "libPods-TestMobilePicker.a"; sourceTree = BUILT_PRODUCTS_DIR; };
		BEBE60A064AEAEF0E7168FD7 /* libPods-ShareExtension.a */ = {isa = PBXFileReference; explicitFileType = archive.ar; includeInIndex = 0; path = "libPods-ShareExtension.a"; sourceTree = BUILT_PRODUCTS_DIR; };
		DDFF35114EB0A1B7FFB8644B /* libPods-TestMobilePicker-TestMobilePickerTests.a */ = {isa = PBXFileReference; explicitFileType = archive.ar; includeInIndex = 0; path = "libPods-TestMobilePicker-TestMobilePickerTests.a"; sourceTree = BUILT_PRODUCTS_DIR; };
		ED297162215061F000B7C4FE /* JavaScriptCore.framework */ = {isa = PBXFileReference; lastKnownFileType = wrapper.framework; name = JavaScriptCore.framework; path = System/Library/Frameworks/JavaScriptCore.framework; sourceTree = SDKROOT; };
		F00A96DE9583D7F32A539744 /* Pods-TestMobilePicker-TestMobilePickerTests.debug.xcconfig */ = {isa = PBXFileReference; includeInIndex = 1; lastKnownFileType = text.xcconfig; name = "Pods-TestMobilePicker-TestMobilePickerTests.debug.xcconfig"; path = "Target Support Files/Pods-TestMobilePicker-TestMobilePickerTests/Pods-TestMobilePicker-TestMobilePickerTests.debug.xcconfig"; sourceTree = "<group>"; };
		F99C75AB1C401200E288FF67 /* Pods-TestMobilePicker.debug.xcconfig */ = {isa = PBXFileReference; includeInIndex = 1; lastKnownFileType = text.xcconfig; name = "Pods-TestMobilePicker.debug.xcconfig"; path = "Target Support Files/Pods-TestMobilePicker/Pods-TestMobilePicker.debug.xcconfig"; sourceTree = "<group>"; };
/* End PBXFileReference section */

/* Begin PBXFrameworksBuildPhase section */
		00E356EB1AD99517003FC87E /* Frameworks */ = {
			isa = PBXFrameworksBuildPhase;
			buildActionMask = 2147483647;
			files = (
				37FFA0B8DE3EABE67E70DAF4 /* libPods-TestMobilePicker-TestMobilePickerTests.a in Frameworks */,
			);
			runOnlyForDeploymentPostprocessing = 0;
		};
		13B07F8C1A680F5B00A75B9A /* Frameworks */ = {
			isa = PBXFrameworksBuildPhase;
			buildActionMask = 2147483647;
			files = (
				75B95E1626F9C42E0044A226 /* CoreMedia.framework in Frameworks */,
				75B95E2A26F9C74C0044A226 /* GPUImage.framework in Frameworks */,
				75B95E2026F9C4550044A226 /* MobileCoreServices.framework in Frameworks */,
				BF0F805CCE1DED8504A4331C /* libPods-TestMobilePicker.a in Frameworks */,
				75B95E1E26F9C44E0044A226 /* QuartzCore.framework in Frameworks */,
				75B95E1C26F9C4460044A226 /* AVFoundation.framework in Frameworks */,
				75B95E1826F9C4350044A226 /* CoreVideo.framework in Frameworks */,
				75B95E1A26F9C43F0044A226 /* OpenGLES.framework in Frameworks */,
			);
			runOnlyForDeploymentPostprocessing = 0;
		};
/* End PBXFrameworksBuildPhase section */

/* Begin PBXGroup section */
		00E356EF1AD99517003FC87E /* TestMobilePickerTests */ = {
			isa = PBXGroup;
			children = (
				00E356F21AD99517003FC87E /* TestMobilePickerTests.m */,
				00E356F01AD99517003FC87E /* Supporting Files */,
			);
			path = TestMobilePickerTests;
			sourceTree = "<group>";
		};
		00E356F01AD99517003FC87E /* Supporting Files */ = {
			isa = PBXGroup;
			children = (
				00E356F11AD99517003FC87E /* Info.plist */,
			);
			name = "Supporting Files";
			sourceTree = "<group>";
		};
		13B07FAE1A68108700A75B9A /* TestMobilePicker */ = {
			isa = PBXGroup;
			children = (
				7295335A271B47C7008614A3 /* TestMobilePicker.entitlements */,
				13B07FAF1A68108700A75B9A /* AppDelegate.h */,
				13B07FB01A68108700A75B9A /* AppDelegate.m */,
				13B07FB51A68108700A75B9A /* Images.xcassets */,
				13B07FB61A68108700A75B9A /* Info.plist */,
				81AB9BB72411601600AC10FF /* LaunchScreen.storyboard */,
				13B07FB71A68108700A75B9A /* main.m */,
			);
			name = TestMobilePicker;
			sourceTree = "<group>";
		};
		2D16E6871FA4F8E400B85C8A /* Frameworks */ = {
			isa = PBXGroup;
			children = (
				75B95E1F26F9C4550044A226 /* MobileCoreServices.framework */,
				75B95E1D26F9C44E0044A226 /* QuartzCore.framework */,
				75B95E1B26F9C4460044A226 /* AVFoundation.framework */,
				75B95E1926F9C43F0044A226 /* OpenGLES.framework */,
				75B95E1726F9C4350044A226 /* CoreVideo.framework */,
				75B95E1526F9C42E0044A226 /* CoreMedia.framework */,
				ED297162215061F000B7C4FE /* JavaScriptCore.framework */,
				9760D14C7D76B32219DB51D6 /* libPods-TestMobilePicker.a */,
				DDFF35114EB0A1B7FFB8644B /* libPods-TestMobilePicker-TestMobilePickerTests.a */,
				BEBE60A064AEAEF0E7168FD7 /* libPods-ShareExtension.a */,
			);
			name = Frameworks;
			sourceTree = "<group>";
		};
		72953339271B4659008614A3 /* ShareExtension */ = {
			isa = PBXGroup;
			children = (
				72953359271B47B1008614A3 /* ShareExtension.entitlements */,
				72953355271B477C008614A3 /* ShareViewController.swift */,
				7295333C271B4659008614A3 /* MainInterface.storyboard */,
				7295333F271B4659008614A3 /* Info.plist */,
				7295334E271B46F9008614A3 /* ShareExtension-Bridging-Header.h */,
			);
			path = ShareExtension;
			sourceTree = "<group>";
		};
		75B95E0C26F9C3F80044A226 /* Products */ = {
			isa = PBXGroup;
			children = (
				75B95E1226F9C3F80044A226 /* libGPUImage.a */,
				75B95E1426F9C3F80044A226 /* GPUImage.framework */,
			);
			name = Products;
			sourceTree = "<group>";
		};
		75B95E3126F9D7C10044A226 /* RNVideoProcessing */ = {
			isa = PBXGroup;
			children = (
				75B95E3226F9D7C10044A226 /* RNVideoProcessingManager.swift */,
				75B95E3326F9D7C10044A226 /* RNTrimmerView */,
				75B95E4126F9D7C10044A226 /* RNVideoProcessingBridge.m */,
				75B95E4226F9D7C10044A226 /* RNVideoTrimmer */,
				75B95E4926F9D7C10044A226 /* RNVideoProcessing.h */,
				75B95E4A26F9D7C10044A226 /* RNVideoPlayer.swift */,
				75B95E4B26F9D7C10044A226 /* RCTSwiftBridgeModule.h */,
				75B95E4C26F9D7C10044A226 /* RNVideoProcessing-Bridging-Header.h */,
				75B95E4D26F9D7C10044A226 /* VideoProcessingGPUFilters.swift */,
			);
			name = RNVideoProcessing;
			path = "../node_modules/react-native-video-processing/ios/RNVideoProcessing";
			sourceTree = "<group>";
		};
		75B95E3326F9D7C10044A226 /* RNTrimmerView */ = {
			isa = PBXGroup;
			children = (
				75B95E3426F9D7C10044A226 /* RNTrimmerView.swift */,
				75B95E3526F9D7C10044A226 /* RNTrimmerViewManager.swift */,
				75B95E3626F9D7C10044A226 /* RNTrimmerViewBridge.m */,
				75B95E3726F9D7C10044A226 /* RNTrimmerView-Bridging-Header.h */,
				75B95E3826F9D7C10044A226 /* RNTrimmerView.h */,
				75B95E3926F9D7C10044A226 /* ICGVideoTrimmer */,
			);
			path = RNTrimmerView;
			sourceTree = "<group>";
		};
		75B95E3926F9D7C10044A226 /* ICGVideoTrimmer */ = {
			isa = PBXGroup;
			children = (
				75B95E3A26F9D7C10044A226 /* ICGThumbView.h */,
				75B95E3B26F9D7C10044A226 /* ICGRulerView.m */,
				75B95E3C26F9D7C10044A226 /* ICGVideoTrimmerView.m */,
				75B95E3D26F9D7C10044A226 /* ICGVideoTrimmer.h */,
				75B95E3E26F9D7C10044A226 /* ICGThumbView.m */,
				75B95E3F26F9D7C10044A226 /* ICGRulerView.h */,
				75B95E4026F9D7C10044A226 /* ICGVideoTrimmerView.h */,
			);
			path = ICGVideoTrimmer;
			sourceTree = "<group>";
		};
		75B95E4226F9D7C10044A226 /* RNVideoTrimmer */ = {
			isa = PBXGroup;
			children = (
				75B95E4326F9D7C10044A226 /* RNVideoTrimmer-Bridging-Header.h */,
				75B95E4426F9D7C10044A226 /* SDAVAssetExportSession.m */,
				75B95E4526F9D7C10044A226 /* RNVideoTrimmerBridge.m */,
				75B95E4626F9D7C10044A226 /* AVUtilities.swift */,
				75B95E4726F9D7C10044A226 /* RNVideoTrimmer.swift */,
				75B95E4826F9D7C10044A226 /* SDAVAssetExportSession.h */,
			);
			path = RNVideoTrimmer;
			sourceTree = "<group>";
		};
		832341AE1AAA6A7D00B99B32 /* Libraries */ = {
			isa = PBXGroup;
			children = (
			);
			name = Libraries;
			sourceTree = "<group>";
		};
		83CBB9F61A601CBA00E9B192 = {
			isa = PBXGroup;
			children = (
				75B95E3126F9D7C10044A226 /* RNVideoProcessing */,
				75B95E0B26F9C3F80044A226 /* GPUImage.xcodeproj */,
				13B07FAE1A68108700A75B9A /* TestMobilePicker */,
				832341AE1AAA6A7D00B99B32 /* Libraries */,
				00E356EF1AD99517003FC87E /* TestMobilePickerTests */,
				72953339271B4659008614A3 /* ShareExtension */,
				83CBBA001A601CBA00E9B192 /* Products */,
				2D16E6871FA4F8E400B85C8A /* Frameworks */,
				C2A3DFEBEF6B16DC40096982 /* Pods */,
			);
			indentWidth = 2;
			sourceTree = "<group>";
			tabWidth = 2;
			usesTabs = 0;
		};
		83CBBA001A601CBA00E9B192 /* Products */ = {
			isa = PBXGroup;
			children = (
				13B07F961A680F5B00A75B9A /* TestMobilePicker.app */,
				00E356EE1AD99517003FC87E /* TestMobilePickerTests.xctest */,
			);
			name = Products;
			sourceTree = "<group>";
		};
		C2A3DFEBEF6B16DC40096982 /* Pods */ = {
			isa = PBXGroup;
			children = (
				F99C75AB1C401200E288FF67 /* Pods-TestMobilePicker.debug.xcconfig */,
				5659FEDE8D620F540BFE5854 /* Pods-TestMobilePicker.release.xcconfig */,
				F00A96DE9583D7F32A539744 /* Pods-TestMobilePicker-TestMobilePickerTests.debug.xcconfig */,
				17934FC7E71918EF1D29DF6A /* Pods-TestMobilePicker-TestMobilePickerTests.release.xcconfig */,
				17B2307D8B1E544B9F86CD30 /* Pods-ShareExtension.debug.xcconfig */,
				2E4838C7006B7088347E8B5D /* Pods-ShareExtension.release.xcconfig */,
			);
			path = Pods;
			sourceTree = "<group>";
		};
/* End PBXGroup section */

/* Begin PBXNativeTarget section */
		00E356ED1AD99517003FC87E /* TestMobilePickerTests */ = {
			isa = PBXNativeTarget;
			buildConfigurationList = 00E357021AD99517003FC87E /* Build configuration list for PBXNativeTarget "TestMobilePickerTests" */;
			buildPhases = (
				1E99DF1BC5C4391BCD6497E1 /* [CP] Check Pods Manifest.lock */,
				00E356EA1AD99517003FC87E /* Sources */,
				00E356EB1AD99517003FC87E /* Frameworks */,
				00E356EC1AD99517003FC87E /* Resources */,
				B27D6B8E3F6A8C4C824272CA /* [CP] Embed Pods Frameworks */,
				308D63D41FF2423898EEED14 /* [CP] Copy Pods Resources */,
			);
			buildRules = (
			);
			dependencies = (
				00E356F51AD99517003FC87E /* PBXTargetDependency */,
			);
			name = TestMobilePickerTests;
			productName = TestMobilePickerTests;
			productReference = 00E356EE1AD99517003FC87E /* TestMobilePickerTests.xctest */;
			productType = "com.apple.product-type.bundle.unit-test";
		};
		13B07F861A680F5B00A75B9A /* TestMobilePicker */ = {
			isa = PBXNativeTarget;
			buildConfigurationList = 13B07F931A680F5B00A75B9A /* Build configuration list for PBXNativeTarget "TestMobilePicker" */;
			buildPhases = (
				08D87AAA54EF8CD84298174F /* [CP] Check Pods Manifest.lock */,
				FD10A7F022414F080027D42C /* Start Packager */,
				13B07F871A680F5B00A75B9A /* Sources */,
				13B07F8C1A680F5B00A75B9A /* Frameworks */,
				13B07F8E1A680F5B00A75B9A /* Resources */,
				00DD1BFF1BD5951E006B06BC /* Bundle React Native code and images */,
				6BE0F81AB6F6355E113D11BB /* [CP] Embed Pods Frameworks */,
				B33AB45419DB06423D1F791B /* [CP] Copy Pods Resources */,
				75B95E2C26F9C74C0044A226 /* Embed Frameworks */,
				72953343271B4659008614A3 /* Embed App Extensions */,
			);
			buildRules = (
			);
			dependencies = (
			);
			name = TestMobilePicker;
			productName = TestMobilePicker;
			productReference = 13B07F961A680F5B00A75B9A /* TestMobilePicker.app */;
			productType = "com.apple.product-type.application";
		};
/* End PBXNativeTarget section */

/* Begin PBXProject section */
		83CBB9F71A601CBA00E9B192 /* Project object */ = {
			isa = PBXProject;
			attributes = {
				LastSwiftUpdateCheck = 1220;
				LastUpgradeCheck = 1310;
				TargetAttributes = {
					00E356ED1AD99517003FC87E = {
						CreatedOnToolsVersion = 6.2;
						TestTargetID = 13B07F861A680F5B00A75B9A;
					};
					13B07F861A680F5B00A75B9A = {
						LastSwiftMigration = 1250;
					};
				};
			};
			buildConfigurationList = 83CBB9FA1A601CBA00E9B192 /* Build configuration list for PBXProject "TestMobilePicker" */;
			compatibilityVersion = "Xcode 12.0";
			developmentRegion = en;
			hasScannedForEncodings = 0;
			knownRegions = (
				en,
				Base,
			);
			mainGroup = 83CBB9F61A601CBA00E9B192;
			productRefGroup = 83CBBA001A601CBA00E9B192 /* Products */;
			projectDirPath = "";
			projectReferences = (
				{
					ProductGroup = 75B95E0C26F9C3F80044A226 /* Products */;
					ProjectRef = 75B95E0B26F9C3F80044A226 /* GPUImage.xcodeproj */;
				},
			);
			projectRoot = "";
			targets = (
				13B07F861A680F5B00A75B9A /* TestMobilePicker */,
				00E356ED1AD99517003FC87E /* TestMobilePickerTests */,
			);
		};
/* End PBXProject section */

/* Begin PBXReferenceProxy section */
		75B95E1226F9C3F80044A226 /* libGPUImage.a */ = {
			isa = PBXReferenceProxy;
			fileType = archive.ar;
			path = libGPUImage.a;
			remoteRef = 75B95E1126F9C3F80044A226 /* PBXContainerItemProxy */;
			sourceTree = BUILT_PRODUCTS_DIR;
		};
		75B95E1426F9C3F80044A226 /* GPUImage.framework */ = {
			isa = PBXReferenceProxy;
			fileType = wrapper.framework;
			path = GPUImage.framework;
			remoteRef = 75B95E1326F9C3F80044A226 /* PBXContainerItemProxy */;
			sourceTree = BUILT_PRODUCTS_DIR;
		};
/* End PBXReferenceProxy section */

/* Begin PBXResourcesBuildPhase section */
		00E356EC1AD99517003FC87E /* Resources */ = {
			isa = PBXResourcesBuildPhase;
			buildActionMask = 2147483647;
			files = (
			);
			runOnlyForDeploymentPostprocessing = 0;
		};
		13B07F8E1A680F5B00A75B9A /* Resources */ = {
			isa = PBXResourcesBuildPhase;
			buildActionMask = 2147483647;
			files = (
				81AB9BB82411601600AC10FF /* LaunchScreen.storyboard in Resources */,
				13B07FBF1A68108700A75B9A /* Images.xcassets in Resources */,
			);
			runOnlyForDeploymentPostprocessing = 0;
		};
/* End PBXResourcesBuildPhase section */

/* Begin PBXShellScriptBuildPhase section */
		00DD1BFF1BD5951E006B06BC /* Bundle React Native code and images */ = {
			isa = PBXShellScriptBuildPhase;
			buildActionMask = 2147483647;
			files = (
			);
			inputPaths = (
			);
			name = "Bundle React Native code and images";
			outputPaths = (
			);
			runOnlyForDeploymentPostprocessing = 0;
			shellPath = /bin/sh;
			shellScript = "set -e\n\nexport NODE_BINARY=node\n../node_modules/react-native/scripts/react-native-xcode.sh\n";
		};
		08D87AAA54EF8CD84298174F /* [CP] Check Pods Manifest.lock */ = {
			isa = PBXShellScriptBuildPhase;
			buildActionMask = 2147483647;
			files = (
			);
			inputFileListPaths = (
			);
			inputPaths = (
				"${PODS_PODFILE_DIR_PATH}/Podfile.lock",
				"${PODS_ROOT}/Manifest.lock",
			);
			name = "[CP] Check Pods Manifest.lock";
			outputFileListPaths = (
			);
			outputPaths = (
				"$(DERIVED_FILE_DIR)/Pods-TestMobilePicker-checkManifestLockResult.txt",
			);
			runOnlyForDeploymentPostprocessing = 0;
			shellPath = /bin/sh;
			shellScript = "diff \"${PODS_PODFILE_DIR_PATH}/Podfile.lock\" \"${PODS_ROOT}/Manifest.lock\" > /dev/null\nif [ $? != 0 ] ; then\n    # print error to STDERR\n    echo \"error: The sandbox is not in sync with the Podfile.lock. Run 'pod install' or update your CocoaPods installation.\" >&2\n    exit 1\nfi\n# This output is used by Xcode 'outputs' to avoid re-running this script phase.\necho \"SUCCESS\" > \"${SCRIPT_OUTPUT_FILE_0}\"\n";
			showEnvVarsInLog = 0;
		};
		1E99DF1BC5C4391BCD6497E1 /* [CP] Check Pods Manifest.lock */ = {
			isa = PBXShellScriptBuildPhase;
			buildActionMask = 2147483647;
			files = (
			);
			inputFileListPaths = (
			);
			inputPaths = (
				"${PODS_PODFILE_DIR_PATH}/Podfile.lock",
				"${PODS_ROOT}/Manifest.lock",
			);
			name = "[CP] Check Pods Manifest.lock";
			outputFileListPaths = (
			);
			outputPaths = (
				"$(DERIVED_FILE_DIR)/Pods-TestMobilePicker-TestMobilePickerTests-checkManifestLockResult.txt",
			);
			runOnlyForDeploymentPostprocessing = 0;
			shellPath = /bin/sh;
			shellScript = "diff \"${PODS_PODFILE_DIR_PATH}/Podfile.lock\" \"${PODS_ROOT}/Manifest.lock\" > /dev/null\nif [ $? != 0 ] ; then\n    # print error to STDERR\n    echo \"error: The sandbox is not in sync with the Podfile.lock. Run 'pod install' or update your CocoaPods installation.\" >&2\n    exit 1\nfi\n# This output is used by Xcode 'outputs' to avoid re-running this script phase.\necho \"SUCCESS\" > \"${SCRIPT_OUTPUT_FILE_0}\"\n";
			showEnvVarsInLog = 0;
		};
		308D63D41FF2423898EEED14 /* [CP] Copy Pods Resources */ = {
			isa = PBXShellScriptBuildPhase;
			buildActionMask = 2147483647;
			files = (
			);
			inputFileListPaths = (
				"${PODS_ROOT}/Target Support Files/Pods-TestMobilePicker-TestMobilePickerTests/Pods-TestMobilePicker-TestMobilePickerTests-resources-${CONFIGURATION}-input-files.xcfilelist",
			);
			name = "[CP] Copy Pods Resources";
			outputFileListPaths = (
				"${PODS_ROOT}/Target Support Files/Pods-TestMobilePicker-TestMobilePickerTests/Pods-TestMobilePicker-TestMobilePickerTests-resources-${CONFIGURATION}-output-files.xcfilelist",
			);
			runOnlyForDeploymentPostprocessing = 0;
			shellPath = /bin/sh;
			shellScript = "\"${PODS_ROOT}/Target Support Files/Pods-TestMobilePicker-TestMobilePickerTests/Pods-TestMobilePicker-TestMobilePickerTests-resources.sh\"\n";
			showEnvVarsInLog = 0;
		};
		6BE0F81AB6F6355E113D11BB /* [CP] Embed Pods Frameworks */ = {
			isa = PBXShellScriptBuildPhase;
			buildActionMask = 2147483647;
			files = (
			);
			inputFileListPaths = (
				"${PODS_ROOT}/Target Support Files/Pods-TestMobilePicker/Pods-TestMobilePicker-frameworks-${CONFIGURATION}-input-files.xcfilelist",
			);
			name = "[CP] Embed Pods Frameworks";
			outputFileListPaths = (
				"${PODS_ROOT}/Target Support Files/Pods-TestMobilePicker/Pods-TestMobilePicker-frameworks-${CONFIGURATION}-output-files.xcfilelist",
			);
			runOnlyForDeploymentPostprocessing = 0;
			shellPath = /bin/sh;
			shellScript = "\"${PODS_ROOT}/Target Support Files/Pods-TestMobilePicker/Pods-TestMobilePicker-frameworks.sh\"\n";
			showEnvVarsInLog = 0;
		};
		B27D6B8E3F6A8C4C824272CA /* [CP] Embed Pods Frameworks */ = {
			isa = PBXShellScriptBuildPhase;
			buildActionMask = 2147483647;
			files = (
			);
			inputFileListPaths = (
				"${PODS_ROOT}/Target Support Files/Pods-TestMobilePicker-TestMobilePickerTests/Pods-TestMobilePicker-TestMobilePickerTests-frameworks-${CONFIGURATION}-input-files.xcfilelist",
			);
			name = "[CP] Embed Pods Frameworks";
			outputFileListPaths = (
				"${PODS_ROOT}/Target Support Files/Pods-TestMobilePicker-TestMobilePickerTests/Pods-TestMobilePicker-TestMobilePickerTests-frameworks-${CONFIGURATION}-output-files.xcfilelist",
			);
			runOnlyForDeploymentPostprocessing = 0;
			shellPath = /bin/sh;
			shellScript = "\"${PODS_ROOT}/Target Support Files/Pods-TestMobilePicker-TestMobilePickerTests/Pods-TestMobilePicker-TestMobilePickerTests-frameworks.sh\"\n";
			showEnvVarsInLog = 0;
		};
		B33AB45419DB06423D1F791B /* [CP] Copy Pods Resources */ = {
			isa = PBXShellScriptBuildPhase;
			buildActionMask = 2147483647;
			files = (
			);
			inputFileListPaths = (
				"${PODS_ROOT}/Target Support Files/Pods-TestMobilePicker/Pods-TestMobilePicker-resources-${CONFIGURATION}-input-files.xcfilelist",
			);
			name = "[CP] Copy Pods Resources";
			outputFileListPaths = (
				"${PODS_ROOT}/Target Support Files/Pods-TestMobilePicker/Pods-TestMobilePicker-resources-${CONFIGURATION}-output-files.xcfilelist",
			);
			runOnlyForDeploymentPostprocessing = 0;
			shellPath = /bin/sh;
			shellScript = "\"${PODS_ROOT}/Target Support Files/Pods-TestMobilePicker/Pods-TestMobilePicker-resources.sh\"\n";
			showEnvVarsInLog = 0;
		};
		FD10A7F022414F080027D42C /* Start Packager */ = {
			isa = PBXShellScriptBuildPhase;
			buildActionMask = 2147483647;
			files = (
			);
			inputFileListPaths = (
			);
			inputPaths = (
			);
			name = "Start Packager";
			outputFileListPaths = (
			);
			outputPaths = (
			);
			runOnlyForDeploymentPostprocessing = 0;
			shellPath = /bin/sh;
			shellScript = "export RCT_METRO_PORT=\"${RCT_METRO_PORT:=8081}\"\necho \"export RCT_METRO_PORT=${RCT_METRO_PORT}\" > \"${SRCROOT}/../node_modules/react-native/scripts/.packager.env\"\nif [ -z \"${RCT_NO_LAUNCH_PACKAGER+xxx}\" ] ; then\n  if nc -w 5 -z localhost ${RCT_METRO_PORT} ; then\n    if ! curl -s \"http://localhost:${RCT_METRO_PORT}/status\" | grep -q \"packager-status:running\" ; then\n      echo \"Port ${RCT_METRO_PORT} already in use, packager is either not running or not running correctly\"\n      exit 2\n    fi\n  else\n    open \"$SRCROOT/../node_modules/react-native/scripts/launchPackager.command\" || echo \"Can't start packager automatically\"\n  fi\nfi\n";
			showEnvVarsInLog = 0;
		};
/* End PBXShellScriptBuildPhase section */

/* Begin PBXSourcesBuildPhase section */
		00E356EA1AD99517003FC87E /* Sources */ = {
			isa = PBXSourcesBuildPhase;
			buildActionMask = 2147483647;
			files = (
				00E356F31AD99517003FC87E /* TestMobilePickerTests.m in Sources */,
			);
			runOnlyForDeploymentPostprocessing = 0;
		};
		13B07F871A680F5B00A75B9A /* Sources */ = {
			isa = PBXSourcesBuildPhase;
			buildActionMask = 2147483647;
			files = (
				75B95E5926F9D7C10044A226 /* RNVideoTrimmer.swift in Sources */,
				13B07FBC1A68108700A75B9A /* AppDelegate.m in Sources */,
				75B95E5726F9D7C10044A226 /* RNVideoTrimmerBridge.m in Sources */,
				75B95E5B26F9D7C10044A226 /* VideoProcessingGPUFilters.swift in Sources */,
				75B95E4F26F9D7C10044A226 /* RNTrimmerView.swift in Sources */,
				75B95E4E26F9D7C10044A226 /* RNVideoProcessingManager.swift in Sources */,
				75B95E5526F9D7C10044A226 /* RNVideoProcessingBridge.m in Sources */,
				75B95E5626F9D7C10044A226 /* SDAVAssetExportSession.m in Sources */,
				75B95E5226F9D7C10044A226 /* ICGRulerView.m in Sources */,
				75B95E5026F9D7C10044A226 /* RNTrimmerViewManager.swift in Sources */,
				75B95E5326F9D7C10044A226 /* ICGVideoTrimmerView.m in Sources */,
				75B95E5126F9D7C10044A226 /* RNTrimmerViewBridge.m in Sources */,
				75B95E5826F9D7C10044A226 /* AVUtilities.swift in Sources */,
				75B95E5A26F9D7C10044A226 /* RNVideoPlayer.swift in Sources */,
				13B07FC11A68108700A75B9A /* main.m in Sources */,
				75B95E5426F9D7C10044A226 /* ICGThumbView.m in Sources */,
			);
			runOnlyForDeploymentPostprocessing = 0;
		};
/* End PBXSourcesBuildPhase section */

/* Begin PBXTargetDependency section */
		00E356F51AD99517003FC87E /* PBXTargetDependency */ = {
			isa = PBXTargetDependency;
			target = 13B07F861A680F5B00A75B9A /* TestMobilePicker */;
			targetProxy = 00E356F41AD99517003FC87E /* PBXContainerItemProxy */;
		};
/* End PBXTargetDependency section */

/* Begin PBXVariantGroup section */
		7295333C271B4659008614A3 /* MainInterface.storyboard */ = {
			isa = PBXVariantGroup;
			children = (
				7295333D271B4659008614A3 /* Base */,
			);
			name = MainInterface.storyboard;
			sourceTree = "<group>";
		};
/* End PBXVariantGroup section */

/* Begin XCBuildConfiguration section */
		00E356F61AD99517003FC87E /* Debug */ = {
			isa = XCBuildConfiguration;
			baseConfigurationReference = F00A96DE9583D7F32A539744 /* Pods-TestMobilePicker-TestMobilePickerTests.debug.xcconfig */;
			buildSettings = {
				ALWAYS_EMBED_SWIFT_STANDARD_LIBRARIES = YES;
				BUNDLE_LOADER = "$(TEST_HOST)";
				DEVELOPMENT_TEAM = WY38GRXKNN;
				GCC_PREPROCESSOR_DEFINITIONS = (
					"DEBUG=1",
					"$(inherited)",
				);
				INFOPLIST_FILE = TestMobilePickerTests/Info.plist;
				IPHONEOS_DEPLOYMENT_TARGET = 12.0;
				LD_RUNPATH_SEARCH_PATHS = (
					"$(inherited)",
					"@executable_path/Frameworks",
					"@loader_path/Frameworks",
				);
				OTHER_LDFLAGS = (
					"-ObjC",
					"-lc++",
					"$(inherited)",
				);
				PRODUCT_BUNDLE_IDENTIFIER = "org.reactjs.native.example.$(PRODUCT_NAME:rfc1034identifier)";
				PRODUCT_NAME = "$(TARGET_NAME)";
				TEST_HOST = "$(BUILT_PRODUCTS_DIR)/TestMobilePicker.app/TestMobilePicker";
			};
			name = Debug;
		};
		00E356F71AD99517003FC87E /* Release */ = {
			isa = XCBuildConfiguration;
			baseConfigurationReference = 17934FC7E71918EF1D29DF6A /* Pods-TestMobilePicker-TestMobilePickerTests.release.xcconfig */;
			buildSettings = {
				ALWAYS_EMBED_SWIFT_STANDARD_LIBRARIES = YES;
				BUNDLE_LOADER = "$(TEST_HOST)";
				COPY_PHASE_STRIP = NO;
				DEVELOPMENT_TEAM = WY38GRXKNN;
				INFOPLIST_FILE = TestMobilePickerTests/Info.plist;
				IPHONEOS_DEPLOYMENT_TARGET = 12.0;
				LD_RUNPATH_SEARCH_PATHS = (
					"$(inherited)",
					"@executable_path/Frameworks",
					"@loader_path/Frameworks",
				);
				OTHER_LDFLAGS = (
					"-ObjC",
					"-lc++",
					"$(inherited)",
				);
				PRODUCT_BUNDLE_IDENTIFIER = "org.reactjs.native.example.$(PRODUCT_NAME:rfc1034identifier)";
				PRODUCT_NAME = "$(TARGET_NAME)";
				TEST_HOST = "$(BUILT_PRODUCTS_DIR)/TestMobilePicker.app/TestMobilePicker";
			};
			name = Release;
		};
		13B07F941A680F5B00A75B9A /* Debug */ = {
			isa = XCBuildConfiguration;
			baseConfigurationReference = F99C75AB1C401200E288FF67 /* Pods-TestMobilePicker.debug.xcconfig */;
			buildSettings = {
				ALWAYS_EMBED_SWIFT_STANDARD_LIBRARIES = YES;
				ASSETCATALOG_COMPILER_APPICON_NAME = AppIcon;
				CLANG_ENABLE_MODULES = YES;
				CODE_SIGN_ENTITLEMENTS = TestMobilePicker/TestMobilePicker.entitlements;
				CURRENT_PROJECT_VERSION = 1;
				DEVELOPMENT_TEAM = WY38GRXKNN;
				ENABLE_BITCODE = NO;
				INFOPLIST_FILE = TestMobilePicker/Info.plist;
				LD_RUNPATH_SEARCH_PATHS = (
					"$(inherited)",
					"@executable_path/Frameworks",
				);
				OTHER_LDFLAGS = (
					"$(inherited)",
					"-ObjC",
					"-lc++",
				);
				PRODUCT_BUNDLE_IDENTIFIER = "org.reactjs.native.example.TestMobilePicker-";
				PRODUCT_NAME = TestMobilePicker;
				SWIFT_OBJC_BRIDGING_HEADER = "RNVideoProcessing/TestMobilePicker-Bridging-Header.h";
				SWIFT_OPTIMIZATION_LEVEL = "-Onone";
				SWIFT_VERSION = 5.0;
				VERSIONING_SYSTEM = "apple-generic";
			};
			name = Debug;
		};
		13B07F951A680F5B00A75B9A /* Release */ = {
			isa = XCBuildConfiguration;
			baseConfigurationReference = 5659FEDE8D620F540BFE5854 /* Pods-TestMobilePicker.release.xcconfig */;
			buildSettings = {
				ALWAYS_EMBED_SWIFT_STANDARD_LIBRARIES = YES;
				ASSETCATALOG_COMPILER_APPICON_NAME = AppIcon;
				CLANG_ENABLE_MODULES = YES;
				CODE_SIGN_ENTITLEMENTS = TestMobilePicker/TestMobilePicker.entitlements;
				CURRENT_PROJECT_VERSION = 1;
				DEVELOPMENT_TEAM = WY38GRXKNN;
				INFOPLIST_FILE = TestMobilePicker/Info.plist;
				LD_RUNPATH_SEARCH_PATHS = (
					"$(inherited)",
					"@executable_path/Frameworks",
				);
				OTHER_LDFLAGS = (
					"$(inherited)",
					"-ObjC",
					"-lc++",
				);
				PRODUCT_BUNDLE_IDENTIFIER = "org.reactjs.native.example.TestMobilePicker-";
				PRODUCT_NAME = TestMobilePicker;
				SWIFT_OBJC_BRIDGING_HEADER = "RNVideoProcessing/TestMobilePicker-Bridging-Header.h";
				SWIFT_VERSION = 5.0;
				VERSIONING_SYSTEM = "apple-generic";
			};
			name = Release;
		};
		83CBBA201A601CBA00E9B192 /* Debug */ = {
			isa = XCBuildConfiguration;
			buildSettings = {
				ALWAYS_SEARCH_USER_PATHS = NO;
				CLANG_ANALYZER_LOCALIZABILITY_NONLOCALIZED = YES;
				CLANG_CXX_LANGUAGE_STANDARD = "gnu++0x";
				CLANG_CXX_LIBRARY = "libc++";
				CLANG_ENABLE_MODULES = YES;
				CLANG_ENABLE_OBJC_ARC = YES;
				CLANG_WARN_BLOCK_CAPTURE_AUTORELEASING = YES;
				CLANG_WARN_BOOL_CONVERSION = YES;
				CLANG_WARN_COMMA = YES;
				CLANG_WARN_CONSTANT_CONVERSION = YES;
				CLANG_WARN_DEPRECATED_OBJC_IMPLEMENTATIONS = YES;
				CLANG_WARN_DIRECT_OBJC_ISA_USAGE = YES_ERROR;
				CLANG_WARN_EMPTY_BODY = YES;
				CLANG_WARN_ENUM_CONVERSION = YES;
				CLANG_WARN_INFINITE_RECURSION = YES;
				CLANG_WARN_INT_CONVERSION = YES;
				CLANG_WARN_NON_LITERAL_NULL_CONVERSION = YES;
				CLANG_WARN_OBJC_IMPLICIT_RETAIN_SELF = YES;
				CLANG_WARN_OBJC_LITERAL_CONVERSION = YES;
				CLANG_WARN_OBJC_ROOT_CLASS = YES_ERROR;
				CLANG_WARN_QUOTED_INCLUDE_IN_FRAMEWORK_HEADER = YES;
				CLANG_WARN_RANGE_LOOP_ANALYSIS = YES;
				CLANG_WARN_STRICT_PROTOTYPES = YES;
				CLANG_WARN_SUSPICIOUS_MOVE = YES;
				CLANG_WARN_UNREACHABLE_CODE = YES;
				CLANG_WARN__DUPLICATE_METHOD_MATCH = YES;
				"CODE_SIGN_IDENTITY[sdk=iphoneos*]" = "iPhone Developer";
				COPY_PHASE_STRIP = NO;
				ENABLE_STRICT_OBJC_MSGSEND = YES;
				ENABLE_TESTABILITY = YES;
				"EXCLUDED_ARCHS[sdk=iphonesimulator*]" = "arm64 ";
				GCC_C_LANGUAGE_STANDARD = gnu99;
				GCC_DYNAMIC_NO_PIC = NO;
				GCC_NO_COMMON_BLOCKS = YES;
				GCC_OPTIMIZATION_LEVEL = 0;
				GCC_PREPROCESSOR_DEFINITIONS = (
					"DEBUG=1",
					"$(inherited)",
				);
				GCC_SYMBOLS_PRIVATE_EXTERN = NO;
				GCC_WARN_64_TO_32_BIT_CONVERSION = YES;
				GCC_WARN_ABOUT_RETURN_TYPE = YES_ERROR;
				GCC_WARN_UNDECLARED_SELECTOR = YES;
				GCC_WARN_UNINITIALIZED_AUTOS = YES_AGGRESSIVE;
				GCC_WARN_UNUSED_FUNCTION = YES;
				GCC_WARN_UNUSED_VARIABLE = YES;
				IPHONEOS_DEPLOYMENT_TARGET = 12.0;
				LD_RUNPATH_SEARCH_PATHS = (
					/usr/lib/swift,
					"$(inherited)",
				);
				LIBRARY_SEARCH_PATHS = (
					"\"$(TOOLCHAIN_DIR)/usr/lib/swift/$(PLATFORM_NAME)\"",
					"\"$(TOOLCHAIN_DIR)/usr/lib/swift-5.0/$(PLATFORM_NAME)\"",
					"\"$(inherited)\"",
				);
				MTL_ENABLE_DEBUG_INFO = YES;
				ONLY_ACTIVE_ARCH = YES;
				SDKROOT = iphoneos;
			};
			name = Debug;
		};
		83CBBA211A601CBA00E9B192 /* Release */ = {
			isa = XCBuildConfiguration;
			buildSettings = {
				ALWAYS_SEARCH_USER_PATHS = NO;
				CLANG_ANALYZER_LOCALIZABILITY_NONLOCALIZED = YES;
				CLANG_CXX_LANGUAGE_STANDARD = "gnu++0x";
				CLANG_CXX_LIBRARY = "libc++";
				CLANG_ENABLE_MODULES = YES;
				CLANG_ENABLE_OBJC_ARC = YES;
				CLANG_WARN_BLOCK_CAPTURE_AUTORELEASING = YES;
				CLANG_WARN_BOOL_CONVERSION = YES;
				CLANG_WARN_COMMA = YES;
				CLANG_WARN_CONSTANT_CONVERSION = YES;
				CLANG_WARN_DEPRECATED_OBJC_IMPLEMENTATIONS = YES;
				CLANG_WARN_DIRECT_OBJC_ISA_USAGE = YES_ERROR;
				CLANG_WARN_EMPTY_BODY = YES;
				CLANG_WARN_ENUM_CONVERSION = YES;
				CLANG_WARN_INFINITE_RECURSION = YES;
				CLANG_WARN_INT_CONVERSION = YES;
				CLANG_WARN_NON_LITERAL_NULL_CONVERSION = YES;
				CLANG_WARN_OBJC_IMPLICIT_RETAIN_SELF = YES;
				CLANG_WARN_OBJC_LITERAL_CONVERSION = YES;
				CLANG_WARN_OBJC_ROOT_CLASS = YES_ERROR;
				CLANG_WARN_QUOTED_INCLUDE_IN_FRAMEWORK_HEADER = YES;
				CLANG_WARN_RANGE_LOOP_ANALYSIS = YES;
				CLANG_WARN_STRICT_PROTOTYPES = YES;
				CLANG_WARN_SUSPICIOUS_MOVE = YES;
				CLANG_WARN_UNREACHABLE_CODE = YES;
				CLANG_WARN__DUPLICATE_METHOD_MATCH = YES;
				"CODE_SIGN_IDENTITY[sdk=iphoneos*]" = "iPhone Developer";
				COPY_PHASE_STRIP = YES;
				ENABLE_NS_ASSERTIONS = NO;
				ENABLE_STRICT_OBJC_MSGSEND = YES;
				"EXCLUDED_ARCHS[sdk=iphonesimulator*]" = "arm64 ";
				GCC_C_LANGUAGE_STANDARD = gnu99;
				GCC_NO_COMMON_BLOCKS = YES;
				GCC_WARN_64_TO_32_BIT_CONVERSION = YES;
				GCC_WARN_ABOUT_RETURN_TYPE = YES_ERROR;
				GCC_WARN_UNDECLARED_SELECTOR = YES;
				GCC_WARN_UNINITIALIZED_AUTOS = YES_AGGRESSIVE;
				GCC_WARN_UNUSED_FUNCTION = YES;
				GCC_WARN_UNUSED_VARIABLE = YES;
				IPHONEOS_DEPLOYMENT_TARGET = 12.0;
				LD_RUNPATH_SEARCH_PATHS = (
					/usr/lib/swift,
					"$(inherited)",
				);
				LIBRARY_SEARCH_PATHS = (
					"\"$(TOOLCHAIN_DIR)/usr/lib/swift/$(PLATFORM_NAME)\"",
					"\"$(TOOLCHAIN_DIR)/usr/lib/swift-5.0/$(PLATFORM_NAME)\"",
					"\"$(inherited)\"",
				);
				MTL_ENABLE_DEBUG_INFO = NO;
				SDKROOT = iphoneos;
				SWIFT_COMPILATION_MODE = wholemodule;
				VALIDATE_PRODUCT = YES;
			};
			name = Release;
		};
/* End XCBuildConfiguration section */

/* Begin XCConfigurationList section */
		00E357021AD99517003FC87E /* Build configuration list for PBXNativeTarget "TestMobilePickerTests" */ = {
			isa = XCConfigurationList;
			buildConfigurations = (
				00E356F61AD99517003FC87E /* Debug */,
				00E356F71AD99517003FC87E /* Release */,
			);
			defaultConfigurationIsVisible = 0;
			defaultConfigurationName = Release;
		};
		13B07F931A680F5B00A75B9A /* Build configuration list for PBXNativeTarget "TestMobilePicker" */ = {
			isa = XCConfigurationList;
			buildConfigurations = (
				13B07F941A680F5B00A75B9A /* Debug */,
				13B07F951A680F5B00A75B9A /* Release */,
			);
			defaultConfigurationIsVisible = 0;
			defaultConfigurationName = Release;
		};
		83CBB9FA1A601CBA00E9B192 /* Build configuration list for PBXProject "TestMobilePicker" */ = {
			isa = XCConfigurationList;
			buildConfigurations = (
				83CBBA201A601CBA00E9B192 /* Debug */,
				83CBBA211A601CBA00E9B192 /* Release */,
			);
			defaultConfigurationIsVisible = 0;
			defaultConfigurationName = Release;
		};
/* End XCConfigurationList section */
	};
	rootObject = 83CBB9F71A601CBA00E9B192 /* Project object */;
}
